
Microsoft Visual Studio Solution File, Format Version 12.00
# Visual Studio 2013
VisualStudioVersion = 12.0.31101.0
MinimumVisualStudioVersion = 10.0.40219.1
Project("{FAE04EC0-301F-11D3-BF4B-00C04F79EFBC}") = "Loops", "Loops\Loops.csproj", "{A6849798-D386-4AD9-96B2-E9FF5A347568}"
EndProject
Project("{FAE04EC0-301F-11D3-BF4B-00C04F79EFBC}") = "NotDivisibalBy3And7", "NotDivisibalBy3And7\NotDivisibalBy3And7.csproj", "{CF9F80FC-6CA8-4F3D-B6AE-E643626856B1}"
EndProject
Project("{FAE04EC0-301F-11D3-BF4B-00C04F79EFBC}") = "MaxMinAvera", "MaxMinAvera\MaxMinAvera.csproj", "{59700A64-F8A6-4892-96A3-EC0C1104B708}"
EndProject
Project("{FAE04EC0-301F-11D3-BF4B-00C04F79EFBC}") = "DeckOfCard", "DeckOfCard\DeckOfCard.csproj", "{AD7EE1AB-F5B6-48F6-B609-3076E87565E8}"
EndProject
Project("{FAE04EC0-301F-11D3-BF4B-00C04F79EFBC}") = "Problem5Calculate", "Problem5Calculate\Problem5Calculate.csproj", "{7D5742CE-F0EF-4B45-9AED-1B7CAEA79D45}"
EndProject
Global
	GlobalSection(SolutionConfigurationPlatforms) = preSolution
		Debug|Any CPU = Debug|Any CPU
		Release|Any CPU = Release|Any CPU
	EndGlobalSection
	GlobalSection(ProjectConfigurationPlatforms) = postSolution
		{A6849798-D386-4AD9-96B2-E9FF5A347568}.Debug|Any CPU.ActiveCfg = Debug|Any CPU
		{A6849798-D386-4AD9-96B2-E9FF5A347568}.Debug|Any CPU.Build.0 = Debug|Any CPU
		{A6849798-D386-4AD9-96B2-E9FF5A347568}.Release|Any CPU.ActiveCfg = Release|Any CPU
		{A6849798-D386-4AD9-96B2-E9FF5A347568}.Release|Any CPU.Build.0 = Release|Any CPU
		{CF9F80FC-6CA8-4F3D-B6AE-E643626856B1}.Debug|Any CPU.ActiveCfg = Debug|Any CPU
		{CF9F80FC-6CA8-4F3D-B6AE-E643626856B1}.Debug|Any CPU.Build.0 = Debug|Any CPU
		{CF9F80FC-6CA8-4F3D-B6AE-E643626856B1}.Release|Any CPU.ActiveCfg = Release|Any CPU
		{CF9F80FC-6CA8-4F3D-B6AE-E643626856B1}.Release|Any CPU.Build.0 = Release|Any CPU
		{59700A64-F8A6-4892-96A3-EC0C1104B708}.Debug|Any CPU.ActiveCfg = Debug|Any CPU
		{59700A64-F8A6-4892-96A3-EC0C1104B708}.Debug|Any CPU.Build.0 = Debug|Any CPU
		{59700A64-F8A6-4892-96A3-EC0C1104B708}.Release|Any CPU.ActiveCfg = Release|Any CPU
		{59700A64-F8A6-4892-96A3-EC0C1104B708}.Release|Any CPU.Build.0 = Release|Any CPU
		{AD7EE1AB-F5B6-48F6-B609-3076E87565E8}.Debug|Any CPU.ActiveCfg = Debug|Any CPU
		{AD7EE1AB-F5B6-48F6-B609-3076E87565E8}.Debug|Any CPU.Build.0 = Debug|Any CPU
		{AD7EE1AB-F5B6-48F6-B609-3076E87565E8}.Release|Any CPU.ActiveCfg = Release|Any CPU
		{AD7EE1AB-F5B6-48F6-B609-3076E87565E8}.Release|Any CPU.Build.0 = Release|Any CPU
		{7D5742CE-F0EF-4B45-9AED-1B7CAEA79D45}.Debug|Any CPU.ActiveCfg = Debug|Any CPU
		{7D5742CE-F0EF-4B45-9AED-1B7CAEA79D45}.Debug|Any CPU.Build.0 = Debug|Any CPU
		{7D5742CE-F0EF-4B45-9AED-1B7CAEA79D45}.Release|Any CPU.ActiveCfg = Release|Any CPU
		{7D5742CE-F0EF-4B45-9AED-1B7CAEA79D45}.Release|Any CPU.Build.0 = Release|Any CPU
	EndGlobalSection
	GlobalSection(SolutionProperties) = preSolution
		HideSolutionNode = FALSE
	EndGlobalSection
EndGlobal
